
Microsoft Visual Studio Solution File, Format Version 12.00
# Visual Studio 15
VisualStudioVersion = 15.0.28010.2050
MinimumVisualStudioVersion = 10.0.40219.1
Project("{9A19103F-16F7-4668-BE54-9A1E7A4F7556}") = "CheckCert", "CheckCert.csproj", "{922B3598-6E23-4EE3-AFC1-6206C11CDEAF}"
EndProject
Global
	GlobalSection(SolutionConfigurationPlatforms) = preSolution
		Debug|Any CPU = Debug|Any CPU
		Release|Any CPU = Release|Any CPU
	EndGlobalSection
	GlobalSection(ProjectConfigurationPlatforms) = postSolution
		{922B3598-6E23-4EE3-AFC1-6206C11CDEAF}.Debug|Any CPU.ActiveCfg = Debug|Any CPU
		{922B3598-6E23-4EE3-AFC1-6206C11CDEAF}.Debug|Any CPU.Build.0 = Debug|Any CPU
		{922B3598-6E23-4EE3-AFC1-6206C11CDEAF}.Release|Any CPU.ActiveCfg = Release|Any CPU
		{922B3598-6E23-4EE3-AFC1-6206C11CDEAF}.Release|Any CPU.Build.0 = Release|Any CPU
	EndGlobalSection
	GlobalSection(SolutionProperties) = preSolution
		HideSolutionNode = FALSE
	EndGlobalSection
	GlobalSection(ExtensibilityGlobals) = postSolution
		SolutionGuid = {69C37711-10F8-46B9-B047-DEB60B93789A}
	EndGlobalSection
EndGlobal
